// !$*UTF8*$!
{
	archiveVersion = 1;
	classes = {
	};
	objectVersion = 56;
	objects = {

/* Begin PBXBuildFile section */
		9A83B399296BD5C700DB1945 /* AppDelegate.swift in Sources */ = {isa = PBXBuildFile; fileRef = 9A83B398296BD5C700DB1945 /* AppDelegate.swift */; };
		9A83B39B296BD5C700DB1945 /* SceneDelegate.swift in Sources */ = {isa = PBXBuildFile; fileRef = 9A83B39A296BD5C700DB1945 /* SceneDelegate.swift */; };
		9A83B39D296BD5C700DB1945 /* ViewController.swift in Sources */ = {isa = PBXBuildFile; fileRef = 9A83B39C296BD5C700DB1945 /* ViewController.swift */; };
		9A83B3A0296BD5C700DB1945 /* Main.storyboard in Resources */ = {isa = PBXBuildFile; fileRef = 9A83B39E296BD5C700DB1945 /* Main.storyboard */; };
		9A83B3A2296BD5C700DB1945 /* Assets.xcassets in Resources */ = {isa = PBXBuildFile; fileRef = 9A83B3A1296BD5C700DB1945 /* Assets.xcassets */; };
		9A83B3A5296BD5C700DB1945 /* LaunchScreen.storyboard in Resources */ = {isa = PBXBuildFile; fileRef = 9A83B3A3296BD5C700DB1945 /* LaunchScreen.storyboard */; };
		9A83B3B0296BD5C800DB1945 /* iosTests.swift in Sources */ = {isa = PBXBuildFile; fileRef = 9A83B3AF296BD5C800DB1945 /* iosTests.swift */; };
		9A83B3BA296BD5C800DB1945 /* iosUITests.swift in Sources */ = {isa = PBXBuildFile; fileRef = 9A83B3B9296BD5C800DB1945 /* iosUITests.swift */; };
		9A83B3BC296BD5C800DB1945 /* iosUITestsLaunchTests.swift in Sources */ = {isa = PBXBuildFile; fileRef = 9A83B3BB296BD5C800DB1945 /* iosUITestsLaunchTests.swift */; };
/* End PBXBuildFile section */

/* Begin PBXContainerItemProxy section */
		9A83B3AC296BD5C800DB1945 /* PBXContainerItemProxy */ = {
			isa = PBXContainerItemProxy;
			containerPortal = 9A83B38D296BD5C700DB1945 /* Project object */;
			proxyType = 1;
			remoteGlobalIDString = 9A83B394296BD5C700DB1945;
			remoteInfo = ios;
		};
		9A83B3B6296BD5C800DB1945 /* PBXContainerItemProxy */ = {
			isa = PBXContainerItemProxy;
			containerPortal = 9A83B38D296BD5C700DB1945 /* Project object */;
			proxyType = 1;
			remoteGlobalIDString = 9A83B394296BD5C700DB1945;
			remoteInfo = ios;
		};
/* End PBXContainerItemProxy section */

/* Begin PBXFileReference section */
		9A83B395296BD5C700DB1945 /* ios.app */ = {isa = PBXFileReference; explicitFileType = wrapper.application; includeInIndex = 0; path = ios.app; sourceTree = BUILT_PRODUCTS_DIR; };
		9A83B398296BD5C700DB1945 /* AppDelegate.swift */ = {isa = PBXFileReference; lastKnownFileType = sourcecode.swift; path = AppDelegate.swift; sourceTree = "<group>"; };
		9A83B39A296BD5C700DB1945 /* SceneDelegate.swift */ = {isa = PBXFileReference; lastKnownFileType = sourcecode.swift; path = SceneDelegate.swift; sourceTree = "<group>"; };
		9A83B39C296BD5C700DB1945 /* ViewController.swift */ = {isa = PBXFileReference; lastKnownFileType = sourcecode.swift; path = ViewController.swift; sourceTree = "<group>"; };
		9A83B39F296BD5C700DB1945 /* Base */ = {isa = PBXFileReference; lastKnownFileType = file.storyboard; name = Base; path = Base.lproj/Main.storyboard; sourceTree = "<group>"; };
		9A83B3A1296BD5C700DB1945 /* Assets.xcassets */ = {isa = PBXFileReference; lastKnownFileType = folder.assetcatalog; path = Assets.xcassets; sourceTree = "<group>"; };
		9A83B3A4296BD5C700DB1945 /* Base */ = {isa = PBXFileReference; lastKnownFileType = file.storyboard; name = Base; path = Base.lproj/LaunchScreen.storyboard; sourceTree = "<group>"; };
		9A83B3A6296BD5C700DB1945 /* Info.plist */ = {isa = PBXFileReference; lastKnownFileType = text.plist.xml; path = Info.plist; sourceTree = "<group>"; };
		9A83B3AB296BD5C800DB1945 /* iosTests.xctest */ = {isa = PBXFileReference; explicitFileType = wrapper.cfbundle; includeInIndex = 0; path = iosTests.xctest; sourceTree = BUILT_PRODUCTS_DIR; };
		9A83B3AF296BD5C800DB1945 /* iosTests.swift */ = {isa = PBXFileReference; lastKnownFileType = sourcecode.swift; path = iosTests.swift; sourceTree = "<group>"; };
		9A83B3B5296BD5C800DB1945 /* iosUITests.xctest */ = {isa = PBXFileReference; explicitFileType = wrapper.cfbundle; includeInIndex = 0; path = iosUITests.xctest; sourceTree = BUILT_PRODUCTS_DIR; };
		9A83B3B9296BD5C800DB1945 /* iosUITests.swift */ = {isa = PBXFileReference; lastKnownFileType = sourcecode.swift; path = iosUITests.swift; sourceTree = "<group>"; };
		9A83B3BB296BD5C800DB1945 /* iosUITestsLaunchTests.swift */ = {isa = PBXFileReference; lastKnownFileType = sourcecode.swift; path = iosUITestsLaunchTests.swift; sourceTree = "<group>"; };
/* End PBXFileReference section */

/* Begin PBXFrameworksBuildPhase section */
		9A83B392296BD5C700DB1945 /* Frameworks */ = {
			isa = PBXFrameworksBuildPhase;
			buildActionMask = 2147483647;
			files = (
			);
			runOnlyForDeploymentPostprocessing = 0;
		};
		9A83B3A8296BD5C800DB1945 /* Frameworks */ = {
			isa = PBXFrameworksBuildPhase;
			buildActionMask = 2147483647;
			files = (
			);
			runOnlyForDeploymentPostprocessing = 0;
		};
		9A83B3B2296BD5C800DB1945 /* Frameworks */ = {
			isa = PBXFrameworksBuildPhase;
			buildActionMask = 2147483647;
			files = (
			);
			runOnlyForDeploymentPostprocessing = 0;
		};
/* End PBXFrameworksBuildPhase section */

/* Begin PBXGroup section */
		9A83B38C296BD5C700DB1945 = {
			isa = PBXGroup;
			children = (
				9A83B397296BD5C700DB1945 /* ios */,
				9A83B3AE296BD5C800DB1945 /* iosTests */,
				9A83B3B8296BD5C800DB1945 /* iosUITests */,
				9A83B396296BD5C700DB1945 /* Products */,
			);
			sourceTree = "<group>";
		};
		9A83B396296BD5C700DB1945 /* Products */ = {
			isa = PBXGroup;
			children = (
				9A83B395296BD5C700DB1945 /* ios.app */,
				9A83B3AB296BD5C800DB1945 /* iosTests.xctest */,
				9A83B3B5296BD5C800DB1945 /* iosUITests.xctest */,
			);
			name = Products;
			sourceTree = "<group>";
		};
		9A83B397296BD5C700DB1945 /* ios */ = {
			isa = PBXGroup;
			children = (
				9A83B398296BD5C700DB1945 /* AppDelegate.swift */,
				9A83B39A296BD5C700DB1945 /* SceneDelegate.swift */,
				9A83B39C296BD5C700DB1945 /* ViewController.swift */,
				9A83B39E296BD5C700DB1945 /* Main.storyboard */,
				9A83B3A1296BD5C700DB1945 /* Assets.xcassets */,
				9A83B3A3296BD5C700DB1945 /* LaunchScreen.storyboard */,
				9A83B3A6296BD5C700DB1945 /* Info.plist */,
			);
			path = ios;
			sourceTree = "<group>";
		};
		9A83B3AE296BD5C800DB1945 /* iosTests */ = {
			isa = PBXGroup;
			children = (
				9A83B3AF296BD5C800DB1945 /* iosTests.swift */,
			);
			path = iosTests;
			sourceTree = "<group>";
		};
		9A83B3B8296BD5C800DB1945 /* iosUITests */ = {
			isa = PBXGroup;
			children = (
				9A83B3B9296BD5C800DB1945 /* iosUITests.swift */,
				9A83B3BB296BD5C800DB1945 /* iosUITestsLaunchTests.swift */,
			);
			path = iosUITests;
			sourceTree = "<group>";
		};
/* End PBXGroup section */

/* Begin PBXNativeTarget section */
		9A83B394296BD5C700DB1945 /* ios */ = {
			isa = PBXNativeTarget;
			buildConfigurationList = 9A83B3BF296BD5C800DB1945 /* Build configuration list for PBXNativeTarget "ios" */;
			buildPhases = (
				9A83B391296BD5C700DB1945 /* Sources */,
				9A83B392296BD5C700DB1945 /* Frameworks */,
				9A83B393296BD5C700DB1945 /* Resources */,
			);
			buildRules = (
			);
			dependencies = (
			);
			name = ios;
			productName = ios;
			productReference = 9A83B395296BD5C700DB1945 /* ios.app */;
			productType = "com.apple.product-type.application";
		};
		9A83B3AA296BD5C800DB1945 /* iosTests */ = {
			isa = PBXNativeTarget;
			buildConfigurationList = 9A83B3C2296BD5C800DB1945 /* Build configuration list for PBXNativeTarget "iosTests" */;
			buildPhases = (
				9A83B3A7296BD5C800DB1945 /* Sources */,
				9A83B3A8296BD5C800DB1945 /* Frameworks */,
				9A83B3A9296BD5C800DB1945 /* Resources */,
			);
			buildRules = (
			);
			dependencies = (
				9A83B3AD296BD5C800DB1945 /* PBXTargetDependency */,
			);
			name = iosTests;
			productName = iosTests;
			productReference = 9A83B3AB296BD5C800DB1945 /* iosTests.xctest */;
			productType = "com.apple.product-type.bundle.unit-test";
		};
		9A83B3B4296BD5C800DB1945 /* iosUITests */ = {
			isa = PBXNativeTarget;
			buildConfigurationList = 9A83B3C5296BD5C800DB1945 /* Build configuration list for PBXNativeTarget "iosUITests" */;
			buildPhases = (
				9A83B3B1296BD5C800DB1945 /* Sources */,
				9A83B3B2296BD5C800DB1945 /* Frameworks */,
				9A83B3B3296BD5C800DB1945 /* Resources */,
			);
			buildRules = (
			);
			dependencies = (
				9A83B3B7296BD5C800DB1945 /* PBXTargetDependency */,
			);
			name = iosUITests;
			productName = iosUITests;
			productReference = 9A83B3B5296BD5C800DB1945 /* iosUITests.xctest */;
			productType = "com.apple.product-type.bundle.ui-testing";
		};
/* End PBXNativeTarget section */

/* Begin PBXProject section */
		9A83B38D296BD5C700DB1945 /* Project object */ = {
			isa = PBXProject;
			attributes = {
				BuildIndependentTargetsInParallel = 1;
				LastSwiftUpdateCheck = 1410;
				LastUpgradeCheck = 1410;
				TargetAttributes = {
					9A83B394296BD5C700DB1945 = {
						CreatedOnToolsVersion = 14.1;
					};
					9A83B3AA296BD5C800DB1945 = {
						CreatedOnToolsVersion = 14.1;
						TestTargetID = 9A83B394296BD5C700DB1945;
					};
					9A83B3B4296BD5C800DB1945 = {
						CreatedOnToolsVersion = 14.1;
						TestTargetID = 9A83B394296BD5C700DB1945;
					};
				};
			};
			buildConfigurationList = 9A83B390296BD5C700DB1945 /* Build configuration list for PBXProject "ios" */;
			compatibilityVersion = "Xcode 14.0";
			developmentRegion = en;
			hasScannedForEncodings = 0;
			knownRegions = (
				en,
				Base,
			);
			mainGroup = 9A83B38C296BD5C700DB1945;
			productRefGroup = 9A83B396296BD5C700DB1945 /* Products */;
			projectDirPath = "";
			projectRoot = "";
			targets = (
				9A83B394296BD5C700DB1945 /* ios */,
				9A83B3AA296BD5C800DB1945 /* iosTests */,
				9A83B3B4296BD5C800DB1945 /* iosUITests */,
			);
		};
/* End PBXProject section */

/* Begin PBXResourcesBuildPhase section */
		9A83B393296BD5C700DB1945 /* Resources */ = {
			isa = PBXResourcesBuildPhase;
			buildActionMask = 2147483647;
			files = (
				9A83B3A5296BD5C700DB1945 /* LaunchScreen.storyboard in Resources */,
				9A83B3A2296BD5C700DB1945 /* Assets.xcassets in Resources */,
				9A83B3A0296BD5C700DB1945 /* Main.storyboard in Resources */,
			);
			runOnlyForDeploymentPostprocessing = 0;
		};
		9A83B3A9296BD5C800DB1945 /* Resources */ = {
			isa = PBXResourcesBuildPhase;
			buildActionMask = 2147483647;
			files = (
			);
			runOnlyForDeploymentPostprocessing = 0;
		};
		9A83B3B3296BD5C800DB1945 /* Resources */ = {
			isa = PBXResourcesBuildPhase;
			buildActionMask = 2147483647;
			files = (
			);
			runOnlyForDeploymentPostprocessing = 0;
		};
/* End PBXResourcesBuildPhase section */

/* Begin PBXSourcesBuildPhase section */
		9A83B391296BD5C700DB1945 /* Sources */ = {
			isa = PBXSourcesBuildPhase;
			buildActionMask = 2147483647;
			files = (
				9A83B39D296BD5C700DB1945 /* ViewController.swift in Sources */,
				9A83B399296BD5C700DB1945 /* AppDelegate.swift in Sources */,
				9A83B39B296BD5C700DB1945 /* SceneDelegate.swift in Sources */,
			);
			runOnlyForDeploymentPostprocessing = 0;
		};
		9A83B3A7296BD5C800DB1945 /* Sources */ = {
			isa = PBXSourcesBuildPhase;
			buildActionMask = 2147483647;
			files = (
				9A83B3B0296BD5C800DB1945 /* iosTests.swift in Sources */,
			);
			runOnlyForDeploymentPostprocessing = 0;
		};
		9A83B3B1296BD5C800DB1945 /* Sources */ = {
			isa = PBXSourcesBuildPhase;
			buildActionMask = 2147483647;
			files = (
				9A83B3BC296BD5C800DB1945 /* iosUITestsLaunchTests.swift in Sources */,
				9A83B3BA296BD5C800DB1945 /* iosUITests.swift in Sources */,
			);
			runOnlyForDeploymentPostprocessing = 0;
		};
/* End PBXSourcesBuildPhase section */

/* Begin PBXTargetDependency section */
		9A83B3AD296BD5C800DB1945 /* PBXTargetDependency */ = {
			isa = PBXTargetDependency;
			target = 9A83B394296BD5C700DB1945 /* ios */;
			targetProxy = 9A83B3AC296BD5C800DB1945 /* PBXContainerItemProxy */;
		};
		9A83B3B7296BD5C800DB1945 /* PBXTargetDependency */ = {
			isa = PBXTargetDependency;
			target = 9A83B394296BD5C700DB1945 /* ios */;
			targetProxy = 9A83B3B6296BD5C800DB1945 /* PBXContainerItemProxy */;
		};
/* End PBXTargetDependency section */

/* Begin PBXVariantGroup section */
		9A83B39E296BD5C700DB1945 /* Main.storyboard */ = {
			isa = PBXVariantGroup;
			children = (
				9A83B39F296BD5C700DB1945 /* Base */,
			);
			name = Main.storyboard;
			sourceTree = "<group>";
		};
		9A83B3A3296BD5C700DB1945 /* LaunchScreen.storyboard */ = {
			isa = PBXVariantGroup;
			children = (
				9A83B3A4296BD5C700DB1945 /* Base */,
			);
			name = LaunchScreen.storyboard;
			sourceTree = "<group>";
		};
/* End PBXVariantGroup section */

/* Begin XCBuildConfiguration section */
		9A83B3BD296BD5C800DB1945 /* Debug */ = {
			isa = XCBuildConfiguration;
			buildSettings = {
				ALWAYS_SEARCH_USER_PATHS = NO;
				CLANG_ANALYZER_NONNULL = YES;
				CLANG_ANALYZER_NUMBER_OBJECT_CONVERSION = YES_AGGRESSIVE;
				CLANG_CXX_LANGUAGE_STANDARD = "gnu++20";
				CLANG_ENABLE_MODULES = YES;
				CLANG_ENABLE_OBJC_ARC = YES;
				CLANG_ENABLE_OBJC_WEAK = YES;
				CLANG_WARN_BLOCK_CAPTURE_AUTORELEASING = YES;
				CLANG_WARN_BOOL_CONVERSION = YES;
				CLANG_WARN_COMMA = YES;
				CLANG_WARN_CONSTANT_CONVERSION = YES;
				CLANG_WARN_DEPRECATED_OBJC_IMPLEMENTATIONS = YES;
				CLANG_WARN_DIRECT_OBJC_ISA_USAGE = YES_ERROR;
				CLANG_WARN_DOCUMENTATION_COMMENTS = YES;
				CLANG_WARN_EMPTY_BODY = YES;
				CLANG_WARN_ENUM_CONVERSION = YES;
				CLANG_WARN_INFINITE_RECURSION = YES;
				CLANG_WARN_INT_CONVERSION = YES;
				CLANG_WARN_NON_LITERAL_NULL_CONVERSION = YES;
				CLANG_WARN_OBJC_IMPLICIT_RETAIN_SELF = YES;
				CLANG_WARN_OBJC_LITERAL_CONVERSION = YES;
				CLANG_WARN_OBJC_ROOT_CLASS = YES_ERROR;
				CLANG_WARN_QUOTED_INCLUDE_IN_FRAMEWORK_HEADER = YES;
				CLANG_WARN_RANGE_LOOP_ANALYSIS = YES;
				CLANG_WARN_STRICT_PROTOTYPES = YES;
				CLANG_WARN_SUSPICIOUS_MOVE = YES;
				CLANG_WARN_UNGUARDED_AVAILABILITY = YES_AGGRESSIVE;
				CLANG_WARN_UNREACHABLE_CODE = YES;
				CLANG_WARN__DUPLICATE_METHOD_MATCH = YES;
				COPY_PHASE_STRIP = NO;
				DEBUG_INFORMATION_FORMAT = dwarf;
				ENABLE_STRICT_OBJC_MSGSEND = YES;
				ENABLE_TESTABILITY = YES;
				GCC_C_LANGUAGE_STANDARD = gnu11;
				GCC_DYNAMIC_NO_PIC = NO;
				GCC_NO_COMMON_BLOCKS = YES;
				GCC_OPTIMIZATION_LEVEL = 0;
				GCC_PREPROCESSOR_DEFINITIONS = (
					"DEBUG=1",
					"$(inherited)",
				);
				GCC_WARN_64_TO_32_BIT_CONVERSION = YES;
				GCC_WARN_ABOUT_RETURN_TYPE = YES_ERROR;
				GCC_WARN_UNDECLARED_SELECTOR = YES;
				GCC_WARN_UNINITIALIZED_AUTOS = YES_AGGRESSIVE;
				GCC_WARN_UNUSED_FUNCTION = YES;
				GCC_WARN_UNUSED_VARIABLE = YES;
				IPHONEOS_DEPLOYMENT_TARGET = 16.1;
				MTL_ENABLE_DEBUG_INFO = INCLUDE_SOURCE;
				MTL_FAST_MATH = YES;
				ONLY_ACTIVE_ARCH = YES;
				SDKROOT = iphoneos;
				SWIFT_ACTIVE_COMPILATION_CONDITIONS = DEBUG;
				SWIFT_OPTIMIZATION_LEVEL = "-Onone";
			};
			name = Debug;
		};
		9A83B3BE296BD5C800DB1945 /* Release */ = {
			isa = XCBuildConfiguration;
			buildSettings = {
				ALWAYS_SEARCH_USER_PATHS = NO;
				CLANG_ANALYZER_NONNULL = YES;
				CLANG_ANALYZER_NUMBER_OBJECT_CONVERSION = YES_AGGRESSIVE;
				CLANG_CXX_LANGUAGE_STANDARD = "gnu++20";
				CLANG_ENABLE_MODULES = YES;
				CLANG_ENABLE_OBJC_ARC = YES;
				CLANG_ENABLE_OBJC_WEAK = YES;
				CLANG_WARN_BLOCK_CAPTURE_AUTORELEASING = YES;
				CLANG_WARN_BOOL_CONVERSION = YES;
				CLANG_WARN_COMMA = YES;
				CLANG_WARN_CONSTANT_CONVERSION = YES;
				CLANG_WARN_DEPRECATED_OBJC_IMPLEMENTATIONS = YES;
				CLANG_WARN_DIRECT_OBJC_ISA_USAGE = YES_ERROR;
				CLANG_WARN_DOCUMENTATION_COMMENTS = YES;
				CLANG_WARN_EMPTY_BODY = YES;
				CLANG_WARN_ENUM_CONVERSION = YES;
				CLANG_WARN_INFINITE_RECURSION = YES;
				CLANG_WARN_INT_CONVERSION = YES;
				CLANG_WARN_NON_LITERAL_NULL_CONVERSION = YES;
				CLANG_WARN_OBJC_IMPLICIT_RETAIN_SELF = YES;
				CLANG_WARN_OBJC_LITERAL_CONVERSION = YES;
				CLANG_WARN_OBJC_ROOT_CLASS = YES_ERROR;
				CLANG_WARN_QUOTED_INCLUDE_IN_FRAMEWORK_HEADER = YES;
				CLANG_WARN_RANGE_LOOP_ANALYSIS = YES;
				CLANG_WARN_STRICT_PROTOTYPES = YES;
				CLANG_WARN_SUSPICIOUS_MOVE = YES;
				CLANG_WARN_UNGUARDED_AVAILABILITY = YES_AGGRESSIVE;
				CLANG_WARN_UNREACHABLE_CODE = YES;
				CLANG_WARN__DUPLICATE_METHOD_MATCH = YES;
				COPY_PHASE_STRIP = NO;
				DEBUG_INFORMATION_FORMAT = "dwarf-with-dsym";
				ENABLE_NS_ASSERTIONS = NO;
				ENABLE_STRICT_OBJC_MSGSEND = YES;
				GCC_C_LANGUAGE_STANDARD = gnu11;
				GCC_NO_COMMON_BLOCKS = YES;
				GCC_WARN_64_TO_32_BIT_CONVERSION = YES;
				GCC_WARN_ABOUT_RETURN_TYPE = YES_ERROR;
				GCC_WARN_UNDECLARED_SELECTOR = YES;
				GCC_WARN_UNINITIALIZED_AUTOS = YES_AGGRESSIVE;
				GCC_WARN_UNUSED_FUNCTION = YES;
				GCC_WARN_UNUSED_VARIABLE = YES;
				IPHONEOS_DEPLOYMENT_TARGET = 16.1;
				MTL_ENABLE_DEBUG_INFO = NO;
				MTL_FAST_MATH = YES;
				SDKROOT = iphoneos;
				SWIFT_COMPILATION_MODE = wholemodule;
				SWIFT_OPTIMIZATION_LEVEL = "-O";
				VALIDATE_PRODUCT = YES;
			};
			name = Release;
		};
		9A83B3C0296BD5C800DB1945 /* Debug */ = {
			isa = XCBuildConfiguration;
			buildSettings = {
				ASSETCATALOG_COMPILER_APPICON_NAME = AppIcon;
				ASSETCATALOG_COMPILER_GLOBAL_ACCENT_COLOR_NAME = AccentColor;
				CODE_SIGN_STYLE = Automatic;
				CURRENT_PROJECT_VERSION = 1;
				GENERATE_INFOPLIST_FILE = YES;
				INFOPLIST_FILE = ios/Info.plist;
				INFOPLIST_KEY_UIApplicationSupportsIndirectInputEvents = YES;
				INFOPLIST_KEY_UILaunchStoryboardName = LaunchScreen;
				INFOPLIST_KEY_UIMainStoryboardFile = Main;
				INFOPLIST_KEY_UISupportedInterfaceOrientations_iPad = "UIInterfaceOrientationPortrait UIInterfaceOrientationPortraitUpsideDown UIInterfaceOrientationLandscapeLeft UIInterfaceOrientationLandscapeRight";
				INFOPLIST_KEY_UISupportedInterfaceOrientations_iPhone = "UIInterfaceOrientationPortrait UIInterfaceOrientationLandscapeLeft UIInterfaceOrientationLandscapeRight";
				LD_RUNPATH_SEARCH_PATHS = (
					"$(inherited)",
					"@executable_path/Frameworks",
				);
				MARKETING_VERSION = 1.0;
				PRODUCT_BUNDLE_IDENTIFIER = MBTI.ios;
				PRODUCT_NAME = "$(TARGET_NAME)";
				SWIFT_EMIT_LOC_STRINGS = YES;
				SWIFT_VERSION = 5.0;
				TARGETED_DEVICE_FAMILY = "1,2";
			};
			name = Debug;
		};
		9A83B3C1296BD5C800DB1945 /* Release */ = {
			isa = XCBuildConfiguration;
			buildSettings = {
				ASSETCATALOG_COMPILER_APPICON_NAME = AppIcon;
				ASSETCATALOG_COMPILER_GLOBAL_ACCENT_COLOR_NAME = AccentColor;
				CODE_SIGN_STYLE = Automatic;
				CURRENT_PROJECT_VERSION = 1;
				GENERATE_INFOPLIST_FILE = YES;
				INFOPLIST_FILE = ios/Info.plist;
				INFOPLIST_KEY_UIApplicationSupportsIndirectInputEvents = YES;
				INFOPLIST_KEY_UILaunchStoryboardName = LaunchScreen;
				INFOPLIST_KEY_UIMainStoryboardFile = Main;
				INFOPLIST_KEY_UISupportedInterfaceOrientations_iPad = "UIInterfaceOrientationPortrait UIInterfaceOrientationPortraitUpsideDown UIInterfaceOrientationLandscapeLeft UIInterfaceOrientationLandscapeRight";
				INFOPLIST_KEY_UISupportedInterfaceOrientations_iPhone = "UIInterfaceOrientationPortrait UIInterfaceOrientationLandscapeLeft UIInterfaceOrientationLandscapeRight";
				LD_RUNPATH_SEARCH_PATHS = (
					"$(inherited)",
					"@executable_path/Frameworks",
				);
				MARKETING_VERSION = 1.0;
				PRODUCT_BUNDLE_IDENTIFIER = MBTI.ios;
				PRODUCT_NAME = "$(TARGET_NAME)";
				SWIFT_EMIT_LOC_STRINGS = YES;
				SWIFT_VERSION = 5.0;
				TARGETED_DEVICE_FAMILY = "1,2";
			};
			name = Release;
		};
		9A83B3C3296BD5C800DB1945 /* Debug */ = {
			isa = XCBuildConfiguration;
			buildSettings = {
				ALWAYS_EMBED_SWIFT_STANDARD_LIBRARIES = YES;
				BUNDLE_LOADER = "$(TEST_HOST)";
				CODE_SIGN_STYLE = Automatic;
				CURRENT_PROJECT_VERSION = 1;
				GENERATE_INFOPLIST_FILE = YES;
				IPHONEOS_DEPLOYMENT_TARGET = 16.1;
				MARKETING_VERSION = 1.0;
				PRODUCT_BUNDLE_IDENTIFIER = MBTI.iosTests;
				PRODUCT_NAME = "$(TARGET_NAME)";
				SWIFT_EMIT_LOC_STRINGS = NO;
				SWIFT_VERSION = 5.0;
				TARGETED_DEVICE_FAMILY = "1,2";
				TEST_HOST = "$(BUILT_PRODUCTS_DIR)/ios.app/$(BUNDLE_EXECUTABLE_FOLDER_PATH)/ios";
			};
			name = Debug;
		};
		9A83B3C4296BD5C800DB1945 /* Release */ = {
			isa = XCBuildConfiguration;
			buildSettings = {
				ALWAYS_EMBED_SWIFT_STANDARD_LIBRARIES = YES;
				BUNDLE_LOADER = "$(TEST_HOST)";
				CODE_SIGN_STYLE = Automatic;
				CURRENT_PROJECT_VERSION = 1;
				GENERATE_INFOPLIST_FILE = YES;
				IPHONEOS_DEPLOYMENT_TARGET = 16.1;
				MARKETING_VERSION = 1.0;
				PRODUCT_BUNDLE_IDENTIFIER = MBTI.iosTests;
				PRODUCT_NAME = "$(TARGET_NAME)";
				SWIFT_EMIT_LOC_STRINGS = NO;
				SWIFT_VERSION = 5.0;
				TARGETED_DEVICE_FAMILY = "1,2";
				TEST_HOST = "$(BUILT_PRODUCTS_DIR)/ios.app/$(BUNDLE_EXECUTABLE_FOLDER_PATH)/ios";
			};
			name = Release;
		};
		9A83B3C6296BD5C800DB1945 /* Debug */ = {
			isa = XCBuildConfiguration;
			buildSettings = {
				ALWAYS_EMBED_SWIFT_STANDARD_LIBRARIES = YES;
				CODE_SIGN_STYLE = Automatic;
				CURRENT_PROJECT_VERSION = 1;
				GENERATE_INFOPLIST_FILE = YES;
				MARKETING_VERSION = 1.0;
				PRODUCT_BUNDLE_IDENTIFIER = MBTI.iosUITests;
				PRODUCT_NAME = "$(TARGET_NAME)";
				SWIFT_EMIT_LOC_STRINGS = NO;
				SWIFT_VERSION = 5.0;
				TARGETED_DEVICE_FAMILY = "1,2";
				TEST_TARGET_NAME = ios;
			};
			name = Debug;
		};
		9A83B3C7296BD5C800DB1945 /* Release */ = {
			isa = XCBuildConfiguration;
			buildSettings = {
				ALWAYS_EMBED_SWIFT_STANDARD_LIBRARIES = YES;
				CODE_SIGN_STYLE = Automatic;
				CURRENT_PROJECT_VERSION = 1;
				GENERATE_INFOPLIST_FILE = YES;
				MARKETING_VERSION = 1.0;
				PRODUCT_BUNDLE_IDENTIFIER = MBTI.iosUITests;
				PRODUCT_NAME = "$(TARGET_NAME)";
				SWIFT_EMIT_LOC_STRINGS = NO;
				SWIFT_VERSION = 5.0;
				TARGETED_DEVICE_FAMILY = "1,2";
				TEST_TARGET_NAME = ios;
			};
			name = Release;
		};
/* End XCBuildConfiguration section */

/* Begin XCConfigurationList section */
		9A83B390296BD5C700DB1945 /* Build configuration list for PBXProject "ios" */ = {
			isa = XCConfigurationList;
			buildConfigurations = (
				9A83B3BD296BD5C800DB1945 /* Debug */,
				9A83B3BE296BD5C800DB1945 /* Release */,
			);
			defaultConfigurationIsVisible = 0;
			defaultConfigurationName = Release;
		};
		9A83B3BF296BD5C800DB1945 /* Build configuration list for PBXNativeTarget "ios" */ = {
			isa = XCConfigurationList;
			buildConfigurations = (
				9A83B3C0296BD5C800DB1945 /* Debug */,
				9A83B3C1296BD5C800DB1945 /* Release */,
			);
			defaultConfigurationIsVisible = 0;
			defaultConfigurationName = Release;
		};
		9A83B3C2296BD5C800DB1945 /* Build configuration list for PBXNativeTarget "iosTests" */ = {
			isa = XCConfigurationList;
			buildConfigurations = (
				9A83B3C3296BD5C800DB1945 /* Debug */,
				9A83B3C4296BD5C800DB1945 /* Release */,
			);
			defaultConfigurationIsVisible = 0;
			defaultConfigurationName = Release;
		};
		9A83B3C5296BD5C800DB1945 /* Build configuration list for PBXNativeTarget "iosUITests" */ = {
			isa = XCConfigurationList;
			buildConfigurations = (
				9A83B3C6296BD5C800DB1945 /* Debug */,
				9A83B3C7296BD5C800DB1945 /* Release */,
			);
			defaultConfigurationIsVisible = 0;
			defaultConfigurationName = Release;
		};
/* End XCConfigurationList section */
	};
	rootObject = 9A83B38D296BD5C700DB1945 /* Project object */;
}
